
Microsoft Visual Studio Solution File, Format Version 12.00
# Visual Studio Version 17
VisualStudioVersion = 17.0.31903.59
MinimumVisualStudioVersion = 10.0.40219.1
Project("{FAE04EC0-301F-11D3-BF4B-00C04F79EFBC}") = "Infrastructure", "Infrastructure\Infrastructure.csproj", "{BE3D2E3F-A301-4966-97E1-A25E8C9A9644}"
EndProject
Project("{FAE04EC0-301F-11D3-BF4B-00C04F79EFBC}") = "Domain", "Domain\Domain.csproj", "{532CA34E-57CF-471C-B6D5-DE6DB0036F29}"
EndProject
Project("{FAE04EC0-301F-11D3-BF4B-00C04F79EFBC}") = "WebApp", "WebApp\WebApp.csproj", "{C8941760-16F5-4C35-A114-C64748D1C160}"
EndProject
Global
	GlobalSection(SolutionConfigurationPlatforms) = preSolution
		Debug|Any CPU = Debug|Any CPU
		Release|Any CPU = Release|Any CPU
	EndGlobalSection
	GlobalSection(SolutionProperties) = preSolution
		HideSolutionNode = FALSE
	EndGlobalSection
	GlobalSection(ProjectConfigurationPlatforms) = postSolution
		{BE3D2E3F-A301-4966-97E1-A25E8C9A9644}.Debug|Any CPU.ActiveCfg = Debug|Any CPU
		{BE3D2E3F-A301-4966-97E1-A25E8C9A9644}.Debug|Any CPU.Build.0 = Debug|Any CPU
		{BE3D2E3F-A301-4966-97E1-A25E8C9A9644}.Release|Any CPU.ActiveCfg = Release|Any CPU
		{BE3D2E3F-A301-4966-97E1-A25E8C9A9644}.Release|Any CPU.Build.0 = Release|Any CPU
		{532CA34E-57CF-471C-B6D5-DE6DB0036F29}.Debug|Any CPU.ActiveCfg = Debug|Any CPU
		{532CA34E-57CF-471C-B6D5-DE6DB0036F29}.Debug|Any CPU.Build.0 = Debug|Any CPU
		{532CA34E-57CF-471C-B6D5-DE6DB0036F29}.Release|Any CPU.ActiveCfg = Release|Any CPU
		{532CA34E-57CF-471C-B6D5-DE6DB0036F29}.Release|Any CPU.Build.0 = Release|Any CPU
		{C8941760-16F5-4C35-A114-C64748D1C160}.Debug|Any CPU.ActiveCfg = Debug|Any CPU
		{C8941760-16F5-4C35-A114-C64748D1C160}.Debug|Any CPU.Build.0 = Debug|Any CPU
		{C8941760-16F5-4C35-A114-C64748D1C160}.Release|Any CPU.ActiveCfg = Release|Any CPU
		{C8941760-16F5-4C35-A114-C64748D1C160}.Release|Any CPU.Build.0 = Release|Any CPU
	EndGlobalSection
EndGlobal
